// !$*UTF8*$!
{
	archiveVersion = 1;
	classes = {
	};
	objectVersion = 55;
	objects = {

/* Begin PBXBuildFile section */
		6006A8D1271C278600AD0CCA /* handball referee companion WatchKit App.app in Embed Watch Content */ = {isa = PBXBuildFile; fileRef = 6006A8D0271C278600AD0CCA /* handball referee companion WatchKit App.app */; settings = {ATTRIBUTES = (RemoveHeadersOnCopy, ); }; };
		6006A8D6271C278700AD0CCA /* Assets.xcassets in Resources */ = {isa = PBXBuildFile; fileRef = 6006A8D5271C278700AD0CCA /* Assets.xcassets */; };
		6006A8DC271C278800AD0CCA /* handball referee companion WatchKit Extension.appex in Embed App Extensions */ = {isa = PBXBuildFile; fileRef = 6006A8DB271C278800AD0CCA /* handball referee companion WatchKit Extension.appex */; settings = {ATTRIBUTES = (RemoveHeadersOnCopy, ); }; };
		6006A8E1271C278800AD0CCA /* handball_referee_companionApp.swift in Sources */ = {isa = PBXBuildFile; fileRef = 6006A8E0271C278800AD0CCA /* handball_referee_companionApp.swift */; };
		6006A8E3271C278800AD0CCA /* ContentView.swift in Sources */ = {isa = PBXBuildFile; fileRef = 6006A8E2271C278800AD0CCA /* ContentView.swift */; };
		6006A8E5271C278800AD0CCA /* NotificationController.swift in Sources */ = {isa = PBXBuildFile; fileRef = 6006A8E4271C278800AD0CCA /* NotificationController.swift */; };
		6006A8E7271C278800AD0CCA /* NotificationView.swift in Sources */ = {isa = PBXBuildFile; fileRef = 6006A8E6271C278800AD0CCA /* NotificationView.swift */; };
		6006A8E9271C278800AD0CCA /* ComplicationController.swift in Sources */ = {isa = PBXBuildFile; fileRef = 6006A8E8271C278800AD0CCA /* ComplicationController.swift */; };
		6006A8EB271C278900AD0CCA /* Assets.xcassets in Resources */ = {isa = PBXBuildFile; fileRef = 6006A8EA271C278900AD0CCA /* Assets.xcassets */; };
		6006A8EE271C278900AD0CCA /* Preview Assets.xcassets in Resources */ = {isa = PBXBuildFile; fileRef = 6006A8ED271C278900AD0CCA /* Preview Assets.xcassets */; };
		6006A8FA271C278900AD0CCA /* handball_referee_companionTests.swift in Sources */ = {isa = PBXBuildFile; fileRef = 6006A8F9271C278900AD0CCA /* handball_referee_companionTests.swift */; };
		6006A904271C278900AD0CCA /* handball_referee_companionUITests.swift in Sources */ = {isa = PBXBuildFile; fileRef = 6006A903271C278900AD0CCA /* handball_referee_companionUITests.swift */; };
		6006A906271C278900AD0CCA /* handball_referee_companionUITestsLaunchTests.swift in Sources */ = {isa = PBXBuildFile; fileRef = 6006A905271C278900AD0CCA /* handball_referee_companionUITestsLaunchTests.swift */; };
/* End PBXBuildFile section */

/* Begin PBXContainerItemProxy section */
		6006A8D2271C278600AD0CCA /* PBXContainerItemProxy */ = {
			isa = PBXContainerItemProxy;
			containerPortal = 6006A8C6271C278600AD0CCA /* Project object */;
			proxyType = 1;
			remoteGlobalIDString = 6006A8CF271C278600AD0CCA;
			remoteInfo = "handball referee companion WatchKit App";
		};
		6006A8DD271C278800AD0CCA /* PBXContainerItemProxy */ = {
			isa = PBXContainerItemProxy;
			containerPortal = 6006A8C6271C278600AD0CCA /* Project object */;
			proxyType = 1;
			remoteGlobalIDString = 6006A8DA271C278800AD0CCA;
			remoteInfo = "handball referee companion WatchKit Extension";
		};
		6006A8F6271C278900AD0CCA /* PBXContainerItemProxy */ = {
			isa = PBXContainerItemProxy;
			containerPortal = 6006A8C6271C278600AD0CCA /* Project object */;
			proxyType = 1;
			remoteGlobalIDString = 6006A8DA271C278800AD0CCA;
			remoteInfo = "handball referee companion WatchKit Extension";
		};
		6006A900271C278900AD0CCA /* PBXContainerItemProxy */ = {
			isa = PBXContainerItemProxy;
			containerPortal = 6006A8C6271C278600AD0CCA /* Project object */;
			proxyType = 1;
			remoteGlobalIDString = 6006A8CF271C278600AD0CCA;
			remoteInfo = "handball referee companion WatchKit App";
		};
/* End PBXContainerItemProxy section */

/* Begin PBXCopyFilesBuildPhase section */
		6006A90C271C278900AD0CCA /* Embed App Extensions */ = {
			isa = PBXCopyFilesBuildPhase;
			buildActionMask = 2147483647;
			dstPath = "";
			dstSubfolderSpec = 13;
			files = (
				6006A8DC271C278800AD0CCA /* handball referee companion WatchKit Extension.appex in Embed App Extensions */,
			);
			name = "Embed App Extensions";
			runOnlyForDeploymentPostprocessing = 0;
		};
		6006A910271C278900AD0CCA /* Embed Watch Content */ = {
			isa = PBXCopyFilesBuildPhase;
			buildActionMask = 2147483647;
			dstPath = "$(CONTENTS_FOLDER_PATH)/Watch";
			dstSubfolderSpec = 16;
			files = (
				6006A8D1271C278600AD0CCA /* handball referee companion WatchKit App.app in Embed Watch Content */,
			);
			name = "Embed Watch Content";
			runOnlyForDeploymentPostprocessing = 0;
		};
/* End PBXCopyFilesBuildPhase section */

/* Begin PBXFileReference section */
		6006A8CC271C278600AD0CCA /* handball referee companion.app */ = {isa = PBXFileReference; explicitFileType = wrapper.application; includeInIndex = 0; path = "handball referee companion.app"; sourceTree = BUILT_PRODUCTS_DIR; };
		6006A8D0271C278600AD0CCA /* handball referee companion WatchKit App.app */ = {isa = PBXFileReference; explicitFileType = wrapper.application; includeInIndex = 0; path = "handball referee companion WatchKit App.app"; sourceTree = BUILT_PRODUCTS_DIR; };
		6006A8D5271C278700AD0CCA /* Assets.xcassets */ = {isa = PBXFileReference; lastKnownFileType = folder.assetcatalog; path = Assets.xcassets; sourceTree = "<group>"; };
		6006A8DB271C278800AD0CCA /* handball referee companion WatchKit Extension.appex */ = {isa = PBXFileReference; explicitFileType = "wrapper.app-extension"; includeInIndex = 0; path = "handball referee companion WatchKit Extension.appex"; sourceTree = BUILT_PRODUCTS_DIR; };
		6006A8E0271C278800AD0CCA /* handball_referee_companionApp.swift */ = {isa = PBXFileReference; lastKnownFileType = sourcecode.swift; path = handball_referee_companionApp.swift; sourceTree = "<group>"; };
		6006A8E2271C278800AD0CCA /* ContentView.swift */ = {isa = PBXFileReference; lastKnownFileType = sourcecode.swift; path = ContentView.swift; sourceTree = "<group>"; };
		6006A8E4271C278800AD0CCA /* NotificationController.swift */ = {isa = PBXFileReference; lastKnownFileType = sourcecode.swift; path = NotificationController.swift; sourceTree = "<group>"; };
		6006A8E6271C278800AD0CCA /* NotificationView.swift */ = {isa = PBXFileReference; lastKnownFileType = sourcecode.swift; path = NotificationView.swift; sourceTree = "<group>"; };
		6006A8E8271C278800AD0CCA /* ComplicationController.swift */ = {isa = PBXFileReference; lastKnownFileType = sourcecode.swift; path = ComplicationController.swift; sourceTree = "<group>"; };
		6006A8EA271C278900AD0CCA /* Assets.xcassets */ = {isa = PBXFileReference; lastKnownFileType = folder.assetcatalog; path = Assets.xcassets; sourceTree = "<group>"; };
		6006A8ED271C278900AD0CCA /* Preview Assets.xcassets */ = {isa = PBXFileReference; lastKnownFileType = folder.assetcatalog; path = "Preview Assets.xcassets"; sourceTree = "<group>"; };
		6006A8EF271C278900AD0CCA /* Info.plist */ = {isa = PBXFileReference; lastKnownFileType = text.plist.xml; path = Info.plist; sourceTree = "<group>"; };
		6006A8F0271C278900AD0CCA /* PushNotificationPayload.apns */ = {isa = PBXFileReference; lastKnownFileType = text; path = PushNotificationPayload.apns; sourceTree = "<group>"; };
		6006A8F5271C278900AD0CCA /* handball referee companionTests.xctest */ = {isa = PBXFileReference; explicitFileType = wrapper.cfbundle; includeInIndex = 0; path = "handball referee companionTests.xctest"; sourceTree = BUILT_PRODUCTS_DIR; };
		6006A8F9271C278900AD0CCA /* handball_referee_companionTests.swift */ = {isa = PBXFileReference; lastKnownFileType = sourcecode.swift; path = handball_referee_companionTests.swift; sourceTree = "<group>"; };
		6006A8FF271C278900AD0CCA /* handball referee companionUITests.xctest */ = {isa = PBXFileReference; explicitFileType = wrapper.cfbundle; includeInIndex = 0; path = "handball referee companionUITests.xctest"; sourceTree = BUILT_PRODUCTS_DIR; };
		6006A903271C278900AD0CCA /* handball_referee_companionUITests.swift */ = {isa = PBXFileReference; lastKnownFileType = sourcecode.swift; path = handball_referee_companionUITests.swift; sourceTree = "<group>"; };
		6006A905271C278900AD0CCA /* handball_referee_companionUITestsLaunchTests.swift */ = {isa = PBXFileReference; lastKnownFileType = sourcecode.swift; path = handball_referee_companionUITestsLaunchTests.swift; sourceTree = "<group>"; };
		6006A91A271C3F3000AD0CCA /* handball referee companion WatchKit App.entitlements */ = {isa = PBXFileReference; lastKnownFileType = text.plist.entitlements; path = "handball referee companion WatchKit App.entitlements"; sourceTree = "<group>"; };
/* End PBXFileReference section */

/* Begin PBXFrameworksBuildPhase section */
		6006A8D8271C278800AD0CCA /* Frameworks */ = {
			isa = PBXFrameworksBuildPhase;
			buildActionMask = 2147483647;
			files = (
			);
			runOnlyForDeploymentPostprocessing = 0;
		};
		6006A8F2271C278900AD0CCA /* Frameworks */ = {
			isa = PBXFrameworksBuildPhase;
			buildActionMask = 2147483647;
			files = (
			);
			runOnlyForDeploymentPostprocessing = 0;
		};
		6006A8FC271C278900AD0CCA /* Frameworks */ = {
			isa = PBXFrameworksBuildPhase;
			buildActionMask = 2147483647;
			files = (
			);
			runOnlyForDeploymentPostprocessing = 0;
		};
/* End PBXFrameworksBuildPhase section */

/* Begin PBXGroup section */
		6006A8C5271C278600AD0CCA = {
			isa = PBXGroup;
			children = (
				6006A8D4271C278600AD0CCA /* handball referee companion WatchKit App */,
				6006A8DF271C278800AD0CCA /* handball referee companion WatchKit Extension */,
				6006A8F8271C278900AD0CCA /* handball referee companionTests */,
				6006A902271C278900AD0CCA /* handball referee companionUITests */,
				6006A8CD271C278600AD0CCA /* Products */,
			);
			sourceTree = "<group>";
		};
		6006A8CD271C278600AD0CCA /* Products */ = {
			isa = PBXGroup;
			children = (
				6006A8CC271C278600AD0CCA /* handball referee companion.app */,
				6006A8D0271C278600AD0CCA /* handball referee companion WatchKit App.app */,
				6006A8DB271C278800AD0CCA /* handball referee companion WatchKit Extension.appex */,
				6006A8F5271C278900AD0CCA /* handball referee companionTests.xctest */,
				6006A8FF271C278900AD0CCA /* handball referee companionUITests.xctest */,
			);
			name = Products;
			sourceTree = "<group>";
		};
		6006A8D4271C278600AD0CCA /* handball referee companion WatchKit App */ = {
			isa = PBXGroup;
			children = (
				6006A91A271C3F3000AD0CCA /* handball referee companion WatchKit App.entitlements */,
				6006A8D5271C278700AD0CCA /* Assets.xcassets */,
			);
			path = "handball referee companion WatchKit App";
			sourceTree = "<group>";
		};
		6006A8DF271C278800AD0CCA /* handball referee companion WatchKit Extension */ = {
			isa = PBXGroup;
			children = (
				6006A8E0271C278800AD0CCA /* handball_referee_companionApp.swift */,
				6006A8E2271C278800AD0CCA /* ContentView.swift */,
				6006A8E4271C278800AD0CCA /* NotificationController.swift */,
				6006A8E6271C278800AD0CCA /* NotificationView.swift */,
				6006A8E8271C278800AD0CCA /* ComplicationController.swift */,
				6006A8EA271C278900AD0CCA /* Assets.xcassets */,
				6006A8EF271C278900AD0CCA /* Info.plist */,
				6006A8F0271C278900AD0CCA /* PushNotificationPayload.apns */,
				6006A8EC271C278900AD0CCA /* Preview Content */,
			);
			path = "handball referee companion WatchKit Extension";
			sourceTree = "<group>";
		};
		6006A8EC271C278900AD0CCA /* Preview Content */ = {
			isa = PBXGroup;
			children = (
				6006A8ED271C278900AD0CCA /* Preview Assets.xcassets */,
			);
			path = "Preview Content";
			sourceTree = "<group>";
		};
		6006A8F8271C278900AD0CCA /* handball referee companionTests */ = {
			isa = PBXGroup;
			children = (
				6006A8F9271C278900AD0CCA /* handball_referee_companionTests.swift */,
			);
			path = "handball referee companionTests";
			sourceTree = "<group>";
		};
		6006A902271C278900AD0CCA /* handball referee companionUITests */ = {
			isa = PBXGroup;
			children = (
				6006A903271C278900AD0CCA /* handball_referee_companionUITests.swift */,
				6006A905271C278900AD0CCA /* handball_referee_companionUITestsLaunchTests.swift */,
			);
			path = "handball referee companionUITests";
			sourceTree = "<group>";
		};
/* End PBXGroup section */

/* Begin PBXNativeTarget section */
		6006A8CB271C278600AD0CCA /* handball referee companion */ = {
			isa = PBXNativeTarget;
			buildConfigurationList = 6006A911271C278900AD0CCA /* Build configuration list for PBXNativeTarget "handball referee companion" */;
			buildPhases = (
				6006A8CA271C278600AD0CCA /* Resources */,
				6006A910271C278900AD0CCA /* Embed Watch Content */,
			);
			buildRules = (
			);
			dependencies = (
				6006A8D3271C278600AD0CCA /* PBXTargetDependency */,
			);
			name = "handball referee companion";
			productName = "handball referee companion";
			productReference = 6006A8CC271C278600AD0CCA /* handball referee companion.app */;
			productType = "com.apple.product-type.application.watchapp2-container";
		};
		6006A8CF271C278600AD0CCA /* handball referee companion WatchKit App */ = {
			isa = PBXNativeTarget;
			buildConfigurationList = 6006A90D271C278900AD0CCA /* Build configuration list for PBXNativeTarget "handball referee companion WatchKit App" */;
			buildPhases = (
				6006A8CE271C278600AD0CCA /* Resources */,
				6006A90C271C278900AD0CCA /* Embed App Extensions */,
			);
			buildRules = (
			);
			dependencies = (
				6006A8DE271C278800AD0CCA /* PBXTargetDependency */,
			);
			name = "handball referee companion WatchKit App";
			productName = "handball referee companion WatchKit App";
			productReference = 6006A8D0271C278600AD0CCA /* handball referee companion WatchKit App.app */;
			productType = "com.apple.product-type.application.watchapp2";
		};
		6006A8DA271C278800AD0CCA /* handball referee companion WatchKit Extension */ = {
			isa = PBXNativeTarget;
			buildConfigurationList = 6006A909271C278900AD0CCA /* Build configuration list for PBXNativeTarget "handball referee companion WatchKit Extension" */;
			buildPhases = (
				6006A8D7271C278800AD0CCA /* Sources */,
				6006A8D8271C278800AD0CCA /* Frameworks */,
				6006A8D9271C278800AD0CCA /* Resources */,
			);
			buildRules = (
			);
			dependencies = (
			);
			name = "handball referee companion WatchKit Extension";
			productName = "handball referee companion WatchKit Extension";
			productReference = 6006A8DB271C278800AD0CCA /* handball referee companion WatchKit Extension.appex */;
			productType = "com.apple.product-type.watchkit2-extension";
		};
		6006A8F4271C278900AD0CCA /* handball referee companionTests */ = {
			isa = PBXNativeTarget;
			buildConfigurationList = 6006A914271C278900AD0CCA /* Build configuration list for PBXNativeTarget "handball referee companionTests" */;
			buildPhases = (
				6006A8F1271C278900AD0CCA /* Sources */,
				6006A8F2271C278900AD0CCA /* Frameworks */,
				6006A8F3271C278900AD0CCA /* Resources */,
			);
			buildRules = (
			);
			dependencies = (
				6006A8F7271C278900AD0CCA /* PBXTargetDependency */,
			);
			name = "handball referee companionTests";
			productName = "handball referee companionTests";
			productReference = 6006A8F5271C278900AD0CCA /* handball referee companionTests.xctest */;
			productType = "com.apple.product-type.bundle.unit-test";
		};
		6006A8FE271C278900AD0CCA /* handball referee companionUITests */ = {
			isa = PBXNativeTarget;
			buildConfigurationList = 6006A917271C278900AD0CCA /* Build configuration list for PBXNativeTarget "handball referee companionUITests" */;
			buildPhases = (
				6006A8FB271C278900AD0CCA /* Sources */,
				6006A8FC271C278900AD0CCA /* Frameworks */,
				6006A8FD271C278900AD0CCA /* Resources */,
			);
			buildRules = (
			);
			dependencies = (
				6006A901271C278900AD0CCA /* PBXTargetDependency */,
			);
			name = "handball referee companionUITests";
			productName = "handball referee companionUITests";
			productReference = 6006A8FF271C278900AD0CCA /* handball referee companionUITests.xctest */;
			productType = "com.apple.product-type.bundle.ui-testing";
		};
/* End PBXNativeTarget section */

/* Begin PBXProject section */
		6006A8C6271C278600AD0CCA /* Project object */ = {
			isa = PBXProject;
			attributes = {
				BuildIndependentTargetsInParallel = 1;
				LastSwiftUpdateCheck = 1300;
				LastUpgradeCheck = 1300;
				TargetAttributes = {
					6006A8CB271C278600AD0CCA = {
						CreatedOnToolsVersion = 13.0;
					};
					6006A8CF271C278600AD0CCA = {
						CreatedOnToolsVersion = 13.0;
					};
					6006A8DA271C278800AD0CCA = {
						CreatedOnToolsVersion = 13.0;
					};
					6006A8F4271C278900AD0CCA = {
						CreatedOnToolsVersion = 13.0;
						TestTargetID = 6006A8DA271C278800AD0CCA;
					};
					6006A8FE271C278900AD0CCA = {
						CreatedOnToolsVersion = 13.0;
						TestTargetID = 6006A8CF271C278600AD0CCA;
					};
				};
			};
			buildConfigurationList = 6006A8C9271C278600AD0CCA /* Build configuration list for PBXProject "handball referee companion" */;
			compatibilityVersion = "Xcode 13.0";
			developmentRegion = en;
			hasScannedForEncodings = 0;
			knownRegions = (
				en,
				Base,
			);
			mainGroup = 6006A8C5271C278600AD0CCA;
			productRefGroup = 6006A8CD271C278600AD0CCA /* Products */;
			projectDirPath = "";
			projectRoot = "";
			targets = (
				6006A8CB271C278600AD0CCA /* handball referee companion */,
				6006A8CF271C278600AD0CCA /* handball referee companion WatchKit App */,
				6006A8DA271C278800AD0CCA /* handball referee companion WatchKit Extension */,
				6006A8F4271C278900AD0CCA /* handball referee companionTests */,
				6006A8FE271C278900AD0CCA /* handball referee companionUITests */,
			);
		};
/* End PBXProject section */

/* Begin PBXResourcesBuildPhase section */
		6006A8CA271C278600AD0CCA /* Resources */ = {
			isa = PBXResourcesBuildPhase;
			buildActionMask = 2147483647;
			files = (
			);
			runOnlyForDeploymentPostprocessing = 0;
		};
		6006A8CE271C278600AD0CCA /* Resources */ = {
			isa = PBXResourcesBuildPhase;
			buildActionMask = 2147483647;
			files = (
				6006A8D6271C278700AD0CCA /* Assets.xcassets in Resources */,
			);
			runOnlyForDeploymentPostprocessing = 0;
		};
		6006A8D9271C278800AD0CCA /* Resources */ = {
			isa = PBXResourcesBuildPhase;
			buildActionMask = 2147483647;
			files = (
				6006A8EE271C278900AD0CCA /* Preview Assets.xcassets in Resources */,
				6006A8EB271C278900AD0CCA /* Assets.xcassets in Resources */,
			);
			runOnlyForDeploymentPostprocessing = 0;
		};
		6006A8F3271C278900AD0CCA /* Resources */ = {
			isa = PBXResourcesBuildPhase;
			buildActionMask = 2147483647;
			files = (
			);
			runOnlyForDeploymentPostprocessing = 0;
		};
		6006A8FD271C278900AD0CCA /* Resources */ = {
			isa = PBXResourcesBuildPhase;
			buildActionMask = 2147483647;
			files = (
			);
			runOnlyForDeploymentPostprocessing = 0;
		};
/* End PBXResourcesBuildPhase section */

/* Begin PBXSourcesBuildPhase section */
		6006A8D7271C278800AD0CCA /* Sources */ = {
			isa = PBXSourcesBuildPhase;
			buildActionMask = 2147483647;
			files = (
				6006A8E5271C278800AD0CCA /* NotificationController.swift in Sources */,
				6006A8E3271C278800AD0CCA /* ContentView.swift in Sources */,
				6006A8E9271C278800AD0CCA /* ComplicationController.swift in Sources */,
				6006A8E1271C278800AD0CCA /* handball_referee_companionApp.swift in Sources */,
				6006A8E7271C278800AD0CCA /* NotificationView.swift in Sources */,
			);
			runOnlyForDeploymentPostprocessing = 0;
		};
		6006A8F1271C278900AD0CCA /* Sources */ = {
			isa = PBXSourcesBuildPhase;
			buildActionMask = 2147483647;
			files = (
				6006A8FA271C278900AD0CCA /* handball_referee_companionTests.swift in Sources */,
			);
			runOnlyForDeploymentPostprocessing = 0;
		};
		6006A8FB271C278900AD0CCA /* Sources */ = {
			isa = PBXSourcesBuildPhase;
			buildActionMask = 2147483647;
			files = (
				6006A906271C278900AD0CCA /* handball_referee_companionUITestsLaunchTests.swift in Sources */,
				6006A904271C278900AD0CCA /* handball_referee_companionUITests.swift in Sources */,
			);
			runOnlyForDeploymentPostprocessing = 0;
		};
/* End PBXSourcesBuildPhase section */

/* Begin PBXTargetDependency section */
		6006A8D3271C278600AD0CCA /* PBXTargetDependency */ = {
			isa = PBXTargetDependency;
			target = 6006A8CF271C278600AD0CCA /* handball referee companion WatchKit App */;
			targetProxy = 6006A8D2271C278600AD0CCA /* PBXContainerItemProxy */;
		};
		6006A8DE271C278800AD0CCA /* PBXTargetDependency */ = {
			isa = PBXTargetDependency;
			target = 6006A8DA271C278800AD0CCA /* handball referee companion WatchKit Extension */;
			targetProxy = 6006A8DD271C278800AD0CCA /* PBXContainerItemProxy */;
		};
		6006A8F7271C278900AD0CCA /* PBXTargetDependency */ = {
			isa = PBXTargetDependency;
			target = 6006A8DA271C278800AD0CCA /* handball referee companion WatchKit Extension */;
			targetProxy = 6006A8F6271C278900AD0CCA /* PBXContainerItemProxy */;
		};
		6006A901271C278900AD0CCA /* PBXTargetDependency */ = {
			isa = PBXTargetDependency;
			target = 6006A8CF271C278600AD0CCA /* handball referee companion WatchKit App */;
			targetProxy = 6006A900271C278900AD0CCA /* PBXContainerItemProxy */;
		};
/* End PBXTargetDependency section */

/* Begin XCBuildConfiguration section */
		6006A907271C278900AD0CCA /* Debug */ = {
			isa = XCBuildConfiguration;
			buildSettings = {
				ALWAYS_SEARCH_USER_PATHS = NO;
				CLANG_ANALYZER_NONNULL = YES;
				CLANG_ANALYZER_NUMBER_OBJECT_CONVERSION = YES_AGGRESSIVE;
				CLANG_CXX_LANGUAGE_STANDARD = "gnu++17";
				CLANG_CXX_LIBRARY = "libc++";
				CLANG_ENABLE_MODULES = YES;
				CLANG_ENABLE_OBJC_ARC = YES;
				CLANG_ENABLE_OBJC_WEAK = YES;
				CLANG_WARN_BLOCK_CAPTURE_AUTORELEASING = YES;
				CLANG_WARN_BOOL_CONVERSION = YES;
				CLANG_WARN_COMMA = YES;
				CLANG_WARN_CONSTANT_CONVERSION = YES;
				CLANG_WARN_DEPRECATED_OBJC_IMPLEMENTATIONS = YES;
				CLANG_WARN_DIRECT_OBJC_ISA_USAGE = YES_ERROR;
				CLANG_WARN_DOCUMENTATION_COMMENTS = YES;
				CLANG_WARN_EMPTY_BODY = YES;
				CLANG_WARN_ENUM_CONVERSION = YES;
				CLANG_WARN_INFINITE_RECURSION = YES;
				CLANG_WARN_INT_CONVERSION = YES;
				CLANG_WARN_NON_LITERAL_NULL_CONVERSION = YES;
				CLANG_WARN_OBJC_IMPLICIT_RETAIN_SELF = YES;
				CLANG_WARN_OBJC_LITERAL_CONVERSION = YES;
				CLANG_WARN_OBJC_ROOT_CLASS = YES_ERROR;
				CLANG_WARN_QUOTED_INCLUDE_IN_FRAMEWORK_HEADER = YES;
				CLANG_WARN_RANGE_LOOP_ANALYSIS = YES;
				CLANG_WARN_STRICT_PROTOTYPES = YES;
				CLANG_WARN_SUSPICIOUS_MOVE = YES;
				CLANG_WARN_UNGUARDED_AVAILABILITY = YES_AGGRESSIVE;
				CLANG_WARN_UNREACHABLE_CODE = YES;
				CLANG_WARN__DUPLICATE_METHOD_MATCH = YES;
				COPY_PHASE_STRIP = NO;
				DEBUG_INFORMATION_FORMAT = dwarf;
				ENABLE_STRICT_OBJC_MSGSEND = YES;
				ENABLE_TESTABILITY = YES;
				GCC_C_LANGUAGE_STANDARD = gnu11;
				GCC_DYNAMIC_NO_PIC = NO;
				GCC_NO_COMMON_BLOCKS = YES;
				GCC_OPTIMIZATION_LEVEL = 0;
				GCC_PREPROCESSOR_DEFINITIONS = (
					"DEBUG=1",
					"$(inherited)",
				);
				GCC_WARN_64_TO_32_BIT_CONVERSION = YES;
				GCC_WARN_ABOUT_RETURN_TYPE = YES_ERROR;
				GCC_WARN_UNDECLARED_SELECTOR = YES;
				GCC_WARN_UNINITIALIZED_AUTOS = YES_AGGRESSIVE;
				GCC_WARN_UNUSED_FUNCTION = YES;
				GCC_WARN_UNUSED_VARIABLE = YES;
				MTL_ENABLE_DEBUG_INFO = INCLUDE_SOURCE;
				MTL_FAST_MATH = YES;
				ONLY_ACTIVE_ARCH = YES;
				SDKROOT = iphoneos;
				SWIFT_ACTIVE_COMPILATION_CONDITIONS = DEBUG;
				SWIFT_OPTIMIZATION_LEVEL = "-Onone";
			};
			name = Debug;
		};
		6006A908271C278900AD0CCA /* Release */ = {
			isa = XCBuildConfiguration;
			buildSettings = {
				ALWAYS_SEARCH_USER_PATHS = NO;
				CLANG_ANALYZER_NONNULL = YES;
				CLANG_ANALYZER_NUMBER_OBJECT_CONVERSION = YES_AGGRESSIVE;
				CLANG_CXX_LANGUAGE_STANDARD = "gnu++17";
				CLANG_CXX_LIBRARY = "libc++";
				CLANG_ENABLE_MODULES = YES;
				CLANG_ENABLE_OBJC_ARC = YES;
				CLANG_ENABLE_OBJC_WEAK = YES;
				CLANG_WARN_BLOCK_CAPTURE_AUTORELEASING = YES;
				CLANG_WARN_BOOL_CONVERSION = YES;
				CLANG_WARN_COMMA = YES;
				CLANG_WARN_CONSTANT_CONVERSION = YES;
				CLANG_WARN_DEPRECATED_OBJC_IMPLEMENTATIONS = YES;
				CLANG_WARN_DIRECT_OBJC_ISA_USAGE = YES_ERROR;
				CLANG_WARN_DOCUMENTATION_COMMENTS = YES;
				CLANG_WARN_EMPTY_BODY = YES;
				CLANG_WARN_ENUM_CONVERSION = YES;
				CLANG_WARN_INFINITE_RECURSION = YES;
				CLANG_WARN_INT_CONVERSION = YES;
				CLANG_WARN_NON_LITERAL_NULL_CONVERSION = YES;
				CLANG_WARN_OBJC_IMPLICIT_RETAIN_SELF = YES;
				CLANG_WARN_OBJC_LITERAL_CONVERSION = YES;
				CLANG_WARN_OBJC_ROOT_CLASS = YES_ERROR;
				CLANG_WARN_QUOTED_INCLUDE_IN_FRAMEWORK_HEADER = YES;
				CLANG_WARN_RANGE_LOOP_ANALYSIS = YES;
				CLANG_WARN_STRICT_PROTOTYPES = YES;
				CLANG_WARN_SUSPICIOUS_MOVE = YES;
				CLANG_WARN_UNGUARDED_AVAILABILITY = YES_AGGRESSIVE;
				CLANG_WARN_UNREACHABLE_CODE = YES;
				CLANG_WARN__DUPLICATE_METHOD_MATCH = YES;
				COPY_PHASE_STRIP = NO;
				DEBUG_INFORMATION_FORMAT = "dwarf-with-dsym";
				ENABLE_NS_ASSERTIONS = NO;
				ENABLE_STRICT_OBJC_MSGSEND = YES;
				GCC_C_LANGUAGE_STANDARD = gnu11;
				GCC_NO_COMMON_BLOCKS = YES;
				GCC_WARN_64_TO_32_BIT_CONVERSION = YES;
				GCC_WARN_ABOUT_RETURN_TYPE = YES_ERROR;
				GCC_WARN_UNDECLARED_SELECTOR = YES;
				GCC_WARN_UNINITIALIZED_AUTOS = YES_AGGRESSIVE;
				GCC_WARN_UNUSED_FUNCTION = YES;
				GCC_WARN_UNUSED_VARIABLE = YES;
				MTL_ENABLE_DEBUG_INFO = NO;
				MTL_FAST_MATH = YES;
				SDKROOT = iphoneos;
				SWIFT_COMPILATION_MODE = wholemodule;
				SWIFT_OPTIMIZATION_LEVEL = "-O";
				VALIDATE_PRODUCT = YES;
			};
			name = Release;
		};
		6006A90A271C278900AD0CCA /* Debug */ = {
			isa = XCBuildConfiguration;
			buildSettings = {
				ASSETCATALOG_COMPILER_COMPLICATION_NAME = Complication;
				CODE_SIGN_STYLE = Automatic;
				CURRENT_PROJECT_VERSION = 1;
				DEVELOPMENT_ASSET_PATHS = "\"handball referee companion WatchKit Extension/Preview Content\"";
				DEVELOPMENT_TEAM = 8TV8P95MSZ;
				ENABLE_PREVIEWS = YES;
				GENERATE_INFOPLIST_FILE = YES;
				INFOPLIST_FILE = "handball referee companion WatchKit Extension/Info.plist";
				INFOPLIST_KEY_CFBundleDisplayName = "handball referee companion WatchKit Extension";
				INFOPLIST_KEY_CLKComplicationPrincipalClass = handball_referee_companion_WatchKit_Extension.ComplicationController;
				INFOPLIST_KEY_NSHumanReadableCopyright = "";
				INFOPLIST_KEY_WKWatchOnly = YES;
				LD_RUNPATH_SEARCH_PATHS = (
					"$(inherited)",
					"@executable_path/Frameworks",
					"@executable_path/../../Frameworks",
				);
				MARKETING_VERSION = 1.0;
				PRODUCT_BUNDLE_IDENTIFIER = "a.handball-referee-companion.watchkitapp.watchkitextension";
				PRODUCT_NAME = "${TARGET_NAME}";
				SDKROOT = watchos;
				SKIP_INSTALL = YES;
				SWIFT_EMIT_LOC_STRINGS = YES;
				SWIFT_VERSION = 5.0;
				TARGETED_DEVICE_FAMILY = 4;
				WATCHOS_DEPLOYMENT_TARGET = 8.0;
			};
			name = Debug;
		};
		6006A90B271C278900AD0CCA /* Release */ = {
			isa = XCBuildConfiguration;
			buildSettings = {
				ASSETCATALOG_COMPILER_COMPLICATION_NAME = Complication;
				CODE_SIGN_STYLE = Automatic;
				CURRENT_PROJECT_VERSION = 1;
				DEVELOPMENT_ASSET_PATHS = "\"handball referee companion WatchKit Extension/Preview Content\"";
				DEVELOPMENT_TEAM = 8TV8P95MSZ;
				ENABLE_PREVIEWS = YES;
				GENERATE_INFOPLIST_FILE = YES;
				INFOPLIST_FILE = "handball referee companion WatchKit Extension/Info.plist";
				INFOPLIST_KEY_CFBundleDisplayName = "handball referee companion WatchKit Extension";
				INFOPLIST_KEY_CLKComplicationPrincipalClass = handball_referee_companion_WatchKit_Extension.ComplicationController;
				INFOPLIST_KEY_NSHumanReadableCopyright = "";
				INFOPLIST_KEY_WKWatchOnly = YES;
				LD_RUNPATH_SEARCH_PATHS = (
					"$(inherited)",
					"@executable_path/Frameworks",
					"@executable_path/../../Frameworks",
				);
				MARKETING_VERSION = 1.0;
				PRODUCT_BUNDLE_IDENTIFIER = "a.handball-referee-companion.watchkitapp.watchkitextension";
				PRODUCT_NAME = "${TARGET_NAME}";
				SDKROOT = watchos;
				SKIP_INSTALL = YES;
				SWIFT_EMIT_LOC_STRINGS = YES;
				SWIFT_VERSION = 5.0;
				TARGETED_DEVICE_FAMILY = 4;
				WATCHOS_DEPLOYMENT_TARGET = 8.0;
			};
			name = Release;
		};
		6006A90E271C278900AD0CCA /* Debug */ = {
			isa = XCBuildConfiguration;
			buildSettings = {
				ALWAYS_EMBED_SWIFT_STANDARD_LIBRARIES = YES;
				ASSETCATALOG_COMPILER_APPICON_NAME = AppIcon;
				ASSETCATALOG_COMPILER_GLOBAL_ACCENT_COLOR_NAME = AccentColor;
				CODE_SIGN_ENTITLEMENTS = "handball referee companion WatchKit App/handball referee companion WatchKit App.entitlements";
				CODE_SIGN_STYLE = Automatic;
				CURRENT_PROJECT_VERSION = 1;
				DEVELOPMENT_TEAM = 8TV8P95MSZ;
				GENERATE_INFOPLIST_FILE = YES;
				IBSC_MODULE = handball_referee_companion_WatchKit_Extension;
				INFOPLIST_KEY_CFBundleDisplayName = "handball referee companion WatchKit App";
				INFOPLIST_KEY_UISupportedInterfaceOrientations = "UIInterfaceOrientationPortrait UIInterfaceOrientationPortraitUpsideDown";
				MARKETING_VERSION = 1.0;
				PRODUCT_BUNDLE_IDENTIFIER = "a.handball-referee-companion.watchkitapp";
				PRODUCT_NAME = "$(TARGET_NAME)";
				SDKROOT = watchos;
				SKIP_INSTALL = YES;
				SWIFT_EMIT_LOC_STRINGS = YES;
				SWIFT_VERSION = 5.0;
				TARGETED_DEVICE_FAMILY = 4;
				WATCHOS_DEPLOYMENT_TARGET = 8.0;
			};
			name = Debug;
		};
		6006A90F271C278900AD0CCA /* Release */ = {
			isa = XCBuildConfiguration;
			buildSettings = {
				ALWAYS_EMBED_SWIFT_STANDARD_LIBRARIES = YES;
				ASSETCATALOG_COMPILER_APPICON_NAME = AppIcon;
				ASSETCATALOG_COMPILER_GLOBAL_ACCENT_COLOR_NAME = AccentColor;
				CODE_SIGN_ENTITLEMENTS = "handball referee companion WatchKit App/handball referee companion WatchKit App.entitlements";
				CODE_SIGN_STYLE = Automatic;
				CURRENT_PROJECT_VERSION = 1;
				DEVELOPMENT_TEAM = 8TV8P95MSZ;
				GENERATE_INFOPLIST_FILE = YES;
				IBSC_MODULE = handball_referee_companion_WatchKit_Extension;
				INFOPLIST_KEY_CFBundleDisplayName = "handball referee companion WatchKit App";
				INFOPLIST_KEY_UISupportedInterfaceOrientations = "UIInterfaceOrientationPortrait UIInterfaceOrientationPortraitUpsideDown";
				MARKETING_VERSION = 1.0;
				PRODUCT_BUNDLE_IDENTIFIER = "a.handball-referee-companion.watchkitapp";
				PRODUCT_NAME = "$(TARGET_NAME)";
				SDKROOT = watchos;
				SKIP_INSTALL = YES;
				SWIFT_EMIT_LOC_STRINGS = YES;
				SWIFT_VERSION = 5.0;
				TARGETED_DEVICE_FAMILY = 4;
				WATCHOS_DEPLOYMENT_TARGET = 8.0;
			};
			name = Release;
		};
		6006A912271C278900AD0CCA /* Debug */ = {
			isa = XCBuildConfiguration;
			buildSettings = {
				CODE_SIGN_STYLE = Automatic;
				CURRENT_PROJECT_VERSION = 1;
				DEVELOPMENT_TEAM = 8TV8P95MSZ;
				MARKETING_VERSION = 1.0;
				PRODUCT_BUNDLE_IDENTIFIER = "a.handball-referee-companion";
				PRODUCT_NAME = "$(TARGET_NAME)";
				SWIFT_VERSION = 5.0;
			};
			name = Debug;
		};
		6006A913271C278900AD0CCA /* Release */ = {
			isa = XCBuildConfiguration;
			buildSettings = {
				CODE_SIGN_STYLE = Automatic;
				CURRENT_PROJECT_VERSION = 1;
				DEVELOPMENT_TEAM = 8TV8P95MSZ;
				MARKETING_VERSION = 1.0;
				PRODUCT_BUNDLE_IDENTIFIER = "a.handball-referee-companion";
				PRODUCT_NAME = "$(TARGET_NAME)";
				SWIFT_VERSION = 5.0;
			};
			name = Release;
		};
		6006A915271C278900AD0CCA /* Debug */ = {
			isa = XCBuildConfiguration;
			buildSettings = {
				ALWAYS_EMBED_SWIFT_STANDARD_LIBRARIES = YES;
				BUNDLE_LOADER = "$(TEST_HOST)";
				CODE_SIGN_STYLE = Automatic;
				CURRENT_PROJECT_VERSION = 1;
				DEVELOPMENT_TEAM = 8TV8P95MSZ;
				GENERATE_INFOPLIST_FILE = YES;
				LD_RUNPATH_SEARCH_PATHS = (
					"$(inherited)",
					"@executable_path/Frameworks",
					"@loader_path/Frameworks",
				);
				MARKETING_VERSION = 1.0;
				PRODUCT_BUNDLE_IDENTIFIER = "a.handball-referee-companionTests";
				PRODUCT_NAME = "$(TARGET_NAME)";
				SDKROOT = watchos;
				SWIFT_EMIT_LOC_STRINGS = NO;
				SWIFT_VERSION = 5.0;
				TARGETED_DEVICE_FAMILY = 4;
				TEST_HOST = "$(BUILT_PRODUCTS_DIR)/handball referee companion WatchKit Extension.appex/handball referee companion WatchKit Extension";
				WATCHOS_DEPLOYMENT_TARGET = 8.0;
			};
			name = Debug;
		};
		6006A916271C278900AD0CCA /* Release */ = {
			isa = XCBuildConfiguration;
			buildSettings = {
				ALWAYS_EMBED_SWIFT_STANDARD_LIBRARIES = YES;
				BUNDLE_LOADER = "$(TEST_HOST)";
				CODE_SIGN_STYLE = Automatic;
				CURRENT_PROJECT_VERSION = 1;
				DEVELOPMENT_TEAM = 8TV8P95MSZ;
				GENERATE_INFOPLIST_FILE = YES;
				LD_RUNPATH_SEARCH_PATHS = (
					"$(inherited)",
					"@executable_path/Frameworks",
					"@loader_path/Frameworks",
				);
				MARKETING_VERSION = 1.0;
				PRODUCT_BUNDLE_IDENTIFIER = "a.handball-referee-companionTests";
				PRODUCT_NAME = "$(TARGET_NAME)";
				SDKROOT = watchos;
				SWIFT_EMIT_LOC_STRINGS = NO;
				SWIFT_VERSION = 5.0;
				TARGETED_DEVICE_FAMILY = 4;
				TEST_HOST = "$(BUILT_PRODUCTS_DIR)/handball referee companion WatchKit Extension.appex/handball referee companion WatchKit Extension";
				WATCHOS_DEPLOYMENT_TARGET = 8.0;
			};
			name = Release;
		};
		6006A918271C278900AD0CCA /* Debug */ = {
			isa = XCBuildConfiguration;
			buildSettings = {
				CODE_SIGN_STYLE = Automatic;
				CURRENT_PROJECT_VERSION = 1;
				DEVELOPMENT_TEAM = 8TV8P95MSZ;
				GENERATE_INFOPLIST_FILE = YES;
				LD_RUNPATH_SEARCH_PATHS = (
					"$(inherited)",
					"@executable_path/Frameworks",
					"@loader_path/Frameworks",
				);
				MARKETING_VERSION = 1.0;
				PRODUCT_BUNDLE_IDENTIFIER = "a.handball-referee-companionUITests";
				PRODUCT_NAME = "$(TARGET_NAME)";
				SDKROOT = watchos;
				SWIFT_EMIT_LOC_STRINGS = NO;
				SWIFT_VERSION = 5.0;
				TARGETED_DEVICE_FAMILY = 4;
				TEST_TARGET_NAME = "handball referee companion WatchKit App";
				WATCHOS_DEPLOYMENT_TARGET = 8.0;
			};
			name = Debug;
		};
		6006A919271C278900AD0CCA /* Release */ = {
			isa = XCBuildConfiguration;
			buildSettings = {
				CODE_SIGN_STYLE = Automatic;
				CURRENT_PROJECT_VERSION = 1;
				DEVELOPMENT_TEAM = 8TV8P95MSZ;
				GENERATE_INFOPLIST_FILE = YES;
				LD_RUNPATH_SEARCH_PATHS = (
					"$(inherited)",
					"@executable_path/Frameworks",
					"@loader_path/Frameworks",
				);
				MARKETING_VERSION = 1.0;
				PRODUCT_BUNDLE_IDENTIFIER = "a.handball-referee-companionUITests";
				PRODUCT_NAME = "$(TARGET_NAME)";
				SDKROOT = watchos;
				SWIFT_EMIT_LOC_STRINGS = NO;
				SWIFT_VERSION = 5.0;
				TARGETED_DEVICE_FAMILY = 4;
				TEST_TARGET_NAME = "handball referee companion WatchKit App";
				WATCHOS_DEPLOYMENT_TARGET = 8.0;
			};
			name = Release;
		};
/* End XCBuildConfiguration section */

/* Begin XCConfigurationList section */
		6006A8C9271C278600AD0CCA /* Build configuration list for PBXProject "handball referee companion" */ = {
			isa = XCConfigurationList;
			buildConfigurations = (
				6006A907271C278900AD0CCA /* Debug */,
				6006A908271C278900AD0CCA /* Release */,
			);
			defaultConfigurationIsVisible = 0;
			defaultConfigurationName = Release;
		};
		6006A909271C278900AD0CCA /* Build configuration list for PBXNativeTarget "handball referee companion WatchKit Extension" */ = {
			isa = XCConfigurationList;
			buildConfigurations = (
				6006A90A271C278900AD0CCA /* Debug */,
				6006A90B271C278900AD0CCA /* Release */,
			);
			defaultConfigurationIsVisible = 0;
			defaultConfigurationName = Release;
		};
		6006A90D271C278900AD0CCA /* Build configuration list for PBXNativeTarget "handball referee companion WatchKit App" */ = {
			isa = XCConfigurationList;
			buildConfigurations = (
				6006A90E271C278900AD0CCA /* Debug */,
				6006A90F271C278900AD0CCA /* Release */,
			);
			defaultConfigurationIsVisible = 0;
			defaultConfigurationName = Release;
		};
		6006A911271C278900AD0CCA /* Build configuration list for PBXNativeTarget "handball referee companion" */ = {
			isa = XCConfigurationList;
			buildConfigurations = (
				6006A912271C278900AD0CCA /* Debug */,
				6006A913271C278900AD0CCA /* Release */,
			);
			defaultConfigurationIsVisible = 0;
			defaultConfigurationName = Release;
		};
		6006A914271C278900AD0CCA /* Build configuration list for PBXNativeTarget "handball referee companionTests" */ = {
			isa = XCConfigurationList;
			buildConfigurations = (
				6006A915271C278900AD0CCA /* Debug */,
				6006A916271C278900AD0CCA /* Release */,
			);
			defaultConfigurationIsVisible = 0;
			defaultConfigurationName = Release;
		};
		6006A917271C278900AD0CCA /* Build configuration list for PBXNativeTarget "handball referee companionUITests" */ = {
			isa = XCConfigurationList;
			buildConfigurations = (
				6006A918271C278900AD0CCA /* Debug */,
				6006A919271C278900AD0CCA /* Release */,
			);
			defaultConfigurationIsVisible = 0;
			defaultConfigurationName = Release;
		};
/* End XCConfigurationList section */
	};
	rootObject = 6006A8C6271C278600AD0CCA /* Project object */;
}
